
Microsoft Visual Studio Solution File, Format Version 12.00
# Visual Studio Version 17
VisualStudioVersion = 17.1.32328.378
MinimumVisualStudioVersion = 10.0.40219.1
Project("{FAE04EC0-301F-11D3-BF4B-00C04F79EFBC}") = "DeviceManagerAML", "DeviceManagerAML\DeviceManagerAML.csproj", "{BEDFF16D-2149-4C0E-A9F6-F84D0B9E686D}"
EndProject
Project("{FAE04EC0-301F-11D3-BF4B-00C04F79EFBC}") = "Api", "Api\Api.csproj", "{B5AD1CCB-1966-4B72-AA78-C130C4AA3468}"
EndProject
Project("{FAE04EC0-301F-11D3-BF4B-00C04F79EFBC}") = "Data", "Data\Data.csproj", "{F8884052-66D3-4C10-BD9F-323FAA245962}"
EndProject
Global
	GlobalSection(SolutionConfigurationPlatforms) = preSolution
		Debug|Any CPU = Debug|Any CPU
		Release|Any CPU = Release|Any CPU
	EndGlobalSection
	GlobalSection(ProjectConfigurationPlatforms) = postSolution
		{BEDFF16D-2149-4C0E-A9F6-F84D0B9E686D}.Debug|Any CPU.ActiveCfg = Debug|Any CPU
		{BEDFF16D-2149-4C0E-A9F6-F84D0B9E686D}.Debug|Any CPU.Build.0 = Debug|Any CPU
		{BEDFF16D-2149-4C0E-A9F6-F84D0B9E686D}.Release|Any CPU.ActiveCfg = Release|Any CPU
		{BEDFF16D-2149-4C0E-A9F6-F84D0B9E686D}.Release|Any CPU.Build.0 = Release|Any CPU
		{B5AD1CCB-1966-4B72-AA78-C130C4AA3468}.Debug|Any CPU.ActiveCfg = Debug|Any CPU
		{B5AD1CCB-1966-4B72-AA78-C130C4AA3468}.Debug|Any CPU.Build.0 = Debug|Any CPU
		{B5AD1CCB-1966-4B72-AA78-C130C4AA3468}.Release|Any CPU.ActiveCfg = Release|Any CPU
		{B5AD1CCB-1966-4B72-AA78-C130C4AA3468}.Release|Any CPU.Build.0 = Release|Any CPU
		{F8884052-66D3-4C10-BD9F-323FAA245962}.Debug|Any CPU.ActiveCfg = Debug|Any CPU
		{F8884052-66D3-4C10-BD9F-323FAA245962}.Debug|Any CPU.Build.0 = Debug|Any CPU
		{F8884052-66D3-4C10-BD9F-323FAA245962}.Release|Any CPU.ActiveCfg = Release|Any CPU
		{F8884052-66D3-4C10-BD9F-323FAA245962}.Release|Any CPU.Build.0 = Release|Any CPU
	EndGlobalSection
	GlobalSection(SolutionProperties) = preSolution
		HideSolutionNode = FALSE
	EndGlobalSection
	GlobalSection(ExtensibilityGlobals) = postSolution
		SolutionGuid = {9075391F-0AF4-4149-921D-7C876008AB96}
	EndGlobalSection
EndGlobal
